
Microsoft Visual Studio Solution File, Format Version 12.00
# Visual Studio Version 17
VisualStudioVersion = 17.5.33516.290
MinimumVisualStudioVersion = 10.0.40219.1
Project("{8BC9CEB8-8B4A-11D0-8D11-00A0C91BC942}") = "operator_01", "operator_01\operator_01.vcxproj", "{31AA9FC5-5023-4CA8-8064-F065A7F08912}"
EndProject
Global
	GlobalSection(SolutionConfigurationPlatforms) = preSolution
		Debug|x64 = Debug|x64
		Debug|x86 = Debug|x86
		Release|x64 = Release|x64
		Release|x86 = Release|x86
	EndGlobalSection
	GlobalSection(ProjectConfigurationPlatforms) = postSolution
		{31AA9FC5-5023-4CA8-8064-F065A7F08912}.Debug|x64.ActiveCfg = Debug|x64
		{31AA9FC5-5023-4CA8-8064-F065A7F08912}.Debug|x64.Build.0 = Debug|x64
		{31AA9FC5-5023-4CA8-8064-F065A7F08912}.Debug|x86.ActiveCfg = Debug|Win32
		{31AA9FC5-5023-4CA8-8064-F065A7F08912}.Debug|x86.Build.0 = Debug|Win32
		{31AA9FC5-5023-4CA8-8064-F065A7F08912}.Release|x64.ActiveCfg = Release|x64
		{31AA9FC5-5023-4CA8-8064-F065A7F08912}.Release|x64.Build.0 = Release|x64
		{31AA9FC5-5023-4CA8-8064-F065A7F08912}.Release|x86.ActiveCfg = Release|Win32
		{31AA9FC5-5023-4CA8-8064-F065A7F08912}.Release|x86.Build.0 = Release|Win32
	EndGlobalSection
	GlobalSection(SolutionProperties) = preSolution
		HideSolutionNode = FALSE
	EndGlobalSection
	GlobalSection(ExtensibilityGlobals) = postSolution
		SolutionGuid = {8DA8E1EE-1C5C-400D-ADCC-CDE306B5BD56}
	EndGlobalSection
EndGlobal
